
Microsoft Visual Studio Solution File, Format Version 12.00
# Visual Studio Version 17
VisualStudioVersion = 17.12.35209.166
MinimumVisualStudioVersion = 10.0.40219.1
Project("{FAE04EC0-301F-11D3-BF4B-00C04F79EFBC}") = "SemanticKernelConnector", "SemanticKernelConnector.csproj", "{12112B7A-8D9F-4755-B505-0F5A646A3904}"
EndProject
Global
	GlobalSection(SolutionConfigurationPlatforms) = preSolution
		Debug|Any CPU = Debug|Any CPU
		Release|Any CPU = Release|Any CPU
	EndGlobalSection
	GlobalSection(ProjectConfigurationPlatforms) = postSolution
		{12112B7A-8D9F-4755-B505-0F5A646A3904}.Debug|Any CPU.ActiveCfg = Debug|Any CPU
		{12112B7A-8D9F-4755-B505-0F5A646A3904}.Debug|Any CPU.Build.0 = Debug|Any CPU
		{12112B7A-8D9F-4755-B505-0F5A646A3904}.Release|Any CPU.ActiveCfg = Release|Any CPU
		{12112B7A-8D9F-4755-B505-0F5A646A3904}.Release|Any CPU.Build.0 = Release|Any CPU
	EndGlobalSection
	GlobalSection(SolutionProperties) = preSolution
		HideSolutionNode = FALSE
	EndGlobalSection
	GlobalSection(ExtensibilityGlobals) = postSolution
		SolutionGuid = {A83C8A53-86F5-4B56-B56B-DD2690D03287}
	EndGlobalSection
EndGlobal
